// !$*UTF8*$!
{
	archiveVersion = 1;
	classes = {
	};
	objectVersion = 48;
	objects = {

/* Begin PBXBuildFile section */
		FD79E8E91F9E5D8100798D9D /* Compra.swift in Sources */ = {isa = PBXBuildFile; fileRef = FD79E8E81F9E5D8100798D9D /* Compra.swift */; };
		FD79E8EB1F9E68E000798D9D /* TFmaxLength.swift in Sources */ = {isa = PBXBuildFile; fileRef = FD79E8EA1F9E68E000798D9D /* TFmaxLength.swift */; };
		FD7EC4471F9EB6AF008BC771 /* SQLite.framework in Frameworks */ = {isa = PBXBuildFile; fileRef = FD7EC4391F9EB67F008BC771 /* SQLite.framework */; };
		FD7EC4481F9EB6CB008BC771 /* SQLite.framework in Frameworks */ = {isa = PBXBuildFile; fileRef = FD7EC4391F9EB67F008BC771 /* SQLite.framework */; };
		FD7EC4491F9EB6CB008BC771 /* SQLite.framework in Embed Frameworks */ = {isa = PBXBuildFile; fileRef = FD7EC4391F9EB67F008BC771 /* SQLite.framework */; settings = {ATTRIBUTES = (CodeSignOnCopy, RemoveHeadersOnCopy, ); }; };
		FD7EC44F1F9EBD43008BC771 /* TransacoesDao.swift in Sources */ = {isa = PBXBuildFile; fileRef = FD7EC44E1F9EBD43008BC771 /* TransacoesDao.swift */; };
		FDB4E29E1F9D5A130059BC87 /* AppDelegate.swift in Sources */ = {isa = PBXBuildFile; fileRef = FDB4E29D1F9D5A130059BC87 /* AppDelegate.swift */; };
		FDB4E2A31F9D5A130059BC87 /* Main.storyboard in Resources */ = {isa = PBXBuildFile; fileRef = FDB4E2A11F9D5A130059BC87 /* Main.storyboard */; };
		FDB4E2A51F9D5A130059BC87 /* Assets.xcassets in Resources */ = {isa = PBXBuildFile; fileRef = FDB4E2A41F9D5A130059BC87 /* Assets.xcassets */; };
		FDB4E2A81F9D5A130059BC87 /* LaunchScreen.storyboard in Resources */ = {isa = PBXBuildFile; fileRef = FDB4E2A61F9D5A130059BC87 /* LaunchScreen.storyboard */; };
		FDB4E2B31F9D5A620059BC87 /* ViewController.swift in Sources */ = {isa = PBXBuildFile; fileRef = FDB4E2B11F9D5A620059BC87 /* ViewController.swift */; };
		FDB4E2B51F9D5CAB0059BC87 /* ListaDeItensViewController.swift in Sources */ = {isa = PBXBuildFile; fileRef = FDB4E2B41F9D5CAB0059BC87 /* ListaDeItensViewController.swift */; };
		FDB4E2B71F9D5DA00059BC87 /* MyCell.swift in Sources */ = {isa = PBXBuildFile; fileRef = FDB4E2B61F9D5DA00059BC87 /* MyCell.swift */; };
		FDB4E2B91F9D5FEE0059BC87 /* Item.swift in Sources */ = {isa = PBXBuildFile; fileRef = FDB4E2B81F9D5FEE0059BC87 /* Item.swift */; };
		FDB4E2BB1F9D79A00059BC87 /* CarrinhoViewController.swift in Sources */ = {isa = PBXBuildFile; fileRef = FDB4E2BA1F9D79A00059BC87 /* CarrinhoViewController.swift */; };
		FDC5F5101F9F9E47007F665D /* TransacoesViewController.swift in Sources */ = {isa = PBXBuildFile; fileRef = FDC5F50F1F9F9E47007F665D /* TransacoesViewController.swift */; };
		FDC5F5181F9FA147007F665D /* Transacao.swift in Sources */ = {isa = PBXBuildFile; fileRef = FDC5F5171F9FA147007F665D /* Transacao.swift */; };
		FDC5F51A1F9FA6E4007F665D /* TransacaoCell.swift in Sources */ = {isa = PBXBuildFile; fileRef = FDC5F5191F9FA6E4007F665D /* TransacaoCell.swift */; };
/* End PBXBuildFile section */

/* Begin PBXContainerItemProxy section */
		FD7EC4381F9EB67F008BC771 /* PBXContainerItemProxy */ = {
			isa = PBXContainerItemProxy;
			containerPortal = FD7EC42E1F9EB67F008BC771 /* SQLite.xcodeproj */;
			proxyType = 2;
			remoteGlobalIDString = EE247AD31C3F04ED00AE3E12;
			remoteInfo = "SQLite iOS";
		};
		FD7EC43A1F9EB67F008BC771 /* PBXContainerItemProxy */ = {
			isa = PBXContainerItemProxy;
			containerPortal = FD7EC42E1F9EB67F008BC771 /* SQLite.xcodeproj */;
			proxyType = 2;
			remoteGlobalIDString = EE247ADD1C3F04ED00AE3E12;
			remoteInfo = "SQLiteTests iOS";
		};
		FD7EC43C1F9EB67F008BC771 /* PBXContainerItemProxy */ = {
			isa = PBXContainerItemProxy;
			containerPortal = FD7EC42E1F9EB67F008BC771 /* SQLite.xcodeproj */;
			proxyType = 2;
			remoteGlobalIDString = EE247B3C1C3F3ED000AE3E12;
			remoteInfo = "SQLite Mac";
		};
		FD7EC43E1F9EB67F008BC771 /* PBXContainerItemProxy */ = {
			isa = PBXContainerItemProxy;
			containerPortal = FD7EC42E1F9EB67F008BC771 /* SQLite.xcodeproj */;
			proxyType = 2;
			remoteGlobalIDString = EE247B451C3F3ED000AE3E12;
			remoteInfo = "SQLiteTests Mac";
		};
		FD7EC4401F9EB67F008BC771 /* PBXContainerItemProxy */ = {
			isa = PBXContainerItemProxy;
			containerPortal = FD7EC42E1F9EB67F008BC771 /* SQLite.xcodeproj */;
			proxyType = 2;
			remoteGlobalIDString = 03A65E5A1C6BB0F50062603F;
			remoteInfo = "SQLite tvOS";
		};
		FD7EC4421F9EB67F008BC771 /* PBXContainerItemProxy */ = {
			isa = PBXContainerItemProxy;
			containerPortal = FD7EC42E1F9EB67F008BC771 /* SQLite.xcodeproj */;
			proxyType = 2;
			remoteGlobalIDString = 03A65E631C6BB0F60062603F;
			remoteInfo = "SQLiteTests tvOS";
		};
		FD7EC4441F9EB67F008BC771 /* PBXContainerItemProxy */ = {
			isa = PBXContainerItemProxy;
			containerPortal = FD7EC42E1F9EB67F008BC771 /* SQLite.xcodeproj */;
			proxyType = 2;
			remoteGlobalIDString = A121AC451CA35C79005A31D1;
			remoteInfo = "SQLite watchOS";
		};
		FD7EC44A1F9EB6CB008BC771 /* PBXContainerItemProxy */ = {
			isa = PBXContainerItemProxy;
			containerPortal = FD7EC42E1F9EB67F008BC771 /* SQLite.xcodeproj */;
			proxyType = 1;
			remoteGlobalIDString = EE247AD21C3F04ED00AE3E12;
			remoteInfo = "SQLite iOS";
		};
/* End PBXContainerItemProxy section */

/* Begin PBXCopyFilesBuildPhase section */
		FD7EC44C1F9EB6CB008BC771 /* Embed Frameworks */ = {
			isa = PBXCopyFilesBuildPhase;
			buildActionMask = 2147483647;
			dstPath = "";
			dstSubfolderSpec = 10;
			files = (
				FD7EC4491F9EB6CB008BC771 /* SQLite.framework in Embed Frameworks */,
			);
			name = "Embed Frameworks";
			runOnlyForDeploymentPostprocessing = 0;
		};
/* End PBXCopyFilesBuildPhase section */

/* Begin PBXFileReference section */
		FD79E8E81F9E5D8100798D9D /* Compra.swift */ = {isa = PBXFileReference; lastKnownFileType = sourcecode.swift; path = Compra.swift; sourceTree = "<group>"; };
		FD79E8EA1F9E68E000798D9D /* TFmaxLength.swift */ = {isa = PBXFileReference; lastKnownFileType = sourcecode.swift; path = TFmaxLength.swift; sourceTree = "<group>"; };
		FD7EC42E1F9EB67F008BC771 /* SQLite.xcodeproj */ = {isa = PBXFileReference; lastKnownFileType = "wrapper.pb-project"; name = SQLite.xcodeproj; path = "../../../Downloads/SQLite.swift-master/SQLite.xcodeproj"; sourceTree = "<group>"; };
		FD7EC44E1F9EBD43008BC771 /* TransacoesDao.swift */ = {isa = PBXFileReference; lastKnownFileType = sourcecode.swift; path = TransacoesDao.swift; sourceTree = "<group>"; };
		FDB4E29A1F9D5A130059BC87 /* DesafioStone.app */ = {isa = PBXFileReference; explicitFileType = wrapper.application; includeInIndex = 0; path = DesafioStone.app; sourceTree = BUILT_PRODUCTS_DIR; };
		FDB4E29D1F9D5A130059BC87 /* AppDelegate.swift */ = {isa = PBXFileReference; lastKnownFileType = sourcecode.swift; path = AppDelegate.swift; sourceTree = "<group>"; };
		FDB4E2A21F9D5A130059BC87 /* Base */ = {isa = PBXFileReference; lastKnownFileType = file.storyboard; name = Base; path = Base.lproj/Main.storyboard; sourceTree = "<group>"; };
		FDB4E2A41F9D5A130059BC87 /* Assets.xcassets */ = {isa = PBXFileReference; lastKnownFileType = folder.assetcatalog; path = Assets.xcassets; sourceTree = "<group>"; };
		FDB4E2A71F9D5A130059BC87 /* Base */ = {isa = PBXFileReference; lastKnownFileType = file.storyboard; name = Base; path = Base.lproj/LaunchScreen.storyboard; sourceTree = "<group>"; };
		FDB4E2A91F9D5A130059BC87 /* Info.plist */ = {isa = PBXFileReference; lastKnownFileType = text.plist.xml; path = Info.plist; sourceTree = "<group>"; };
		FDB4E2B11F9D5A620059BC87 /* ViewController.swift */ = {isa = PBXFileReference; fileEncoding = 4; lastKnownFileType = sourcecode.swift; path = ViewController.swift; sourceTree = "<group>"; };
		FDB4E2B41F9D5CAB0059BC87 /* ListaDeItensViewController.swift */ = {isa = PBXFileReference; lastKnownFileType = sourcecode.swift; path = ListaDeItensViewController.swift; sourceTree = "<group>"; };
		FDB4E2B61F9D5DA00059BC87 /* MyCell.swift */ = {isa = PBXFileReference; lastKnownFileType = sourcecode.swift; path = MyCell.swift; sourceTree = "<group>"; };
		FDB4E2B81F9D5FEE0059BC87 /* Item.swift */ = {isa = PBXFileReference; fileEncoding = 4; lastKnownFileType = sourcecode.swift; path = Item.swift; sourceTree = "<group>"; };
		FDB4E2BA1F9D79A00059BC87 /* CarrinhoViewController.swift */ = {isa = PBXFileReference; lastKnownFileType = sourcecode.swift; path = CarrinhoViewController.swift; sourceTree = "<group>"; };
		FDC5F50F1F9F9E47007F665D /* TransacoesViewController.swift */ = {isa = PBXFileReference; lastKnownFileType = sourcecode.swift; path = TransacoesViewController.swift; sourceTree = "<group>"; };
		FDC5F5171F9FA147007F665D /* Transacao.swift */ = {isa = PBXFileReference; lastKnownFileType = sourcecode.swift; path = Transacao.swift; sourceTree = "<group>"; };
		FDC5F5191F9FA6E4007F665D /* TransacaoCell.swift */ = {isa = PBXFileReference; lastKnownFileType = sourcecode.swift; path = TransacaoCell.swift; sourceTree = "<group>"; };
/* End PBXFileReference section */

/* Begin PBXFrameworksBuildPhase section */
		FDB4E2971F9D5A130059BC87 /* Frameworks */ = {
			isa = PBXFrameworksBuildPhase;
			buildActionMask = 2147483647;
			files = (
				FD7EC4481F9EB6CB008BC771 /* SQLite.framework in Frameworks */,
				FD7EC4471F9EB6AF008BC771 /* SQLite.framework in Frameworks */,
			);
			runOnlyForDeploymentPostprocessing = 0;
		};
/* End PBXFrameworksBuildPhase section */

/* Begin PBXGroup section */
		FD7EC42F1F9EB67F008BC771 /* Products */ = {
			isa = PBXGroup;
			children = (
				FD7EC4391F9EB67F008BC771 /* SQLite.framework */,
				FD7EC43B1F9EB67F008BC771 /* SQLiteTests iOS.xctest */,
				FD7EC43D1F9EB67F008BC771 /* SQLite.framework */,
				FD7EC43F1F9EB67F008BC771 /* SQLiteTests Mac.xctest */,
				FD7EC4411F9EB67F008BC771 /* SQLite.framework */,
				FD7EC4431F9EB67F008BC771 /* SQLiteTests tvOS.xctest */,
				FD7EC4451F9EB67F008BC771 /* SQLite.framework */,
			);
			name = Products;
			sourceTree = "<group>";
		};
		FD7EC4461F9EB6AF008BC771 /* Frameworks */ = {
			isa = PBXGroup;
			children = (
			);
			name = Frameworks;
			sourceTree = "<group>";
		};
		FD7EC44D1F9EBD24008BC771 /* DAO */ = {
			isa = PBXGroup;
			children = (
				FD7EC44E1F9EBD43008BC771 /* TransacoesDao.swift */,
			);
			path = DAO;
			sourceTree = "<group>";
		};
		FDA9A08C1FA108B90009CEBA /* Helpers */ = {
			isa = PBXGroup;
			children = (
				FD79E8EA1F9E68E000798D9D /* TFmaxLength.swift */,
			);
			path = Helpers;
			sourceTree = "<group>";
		};
		FDB4E2911F9D5A130059BC87 = {
			isa = PBXGroup;
			children = (
				FDB4E29C1F9D5A130059BC87 /* DesafioStone */,
				FDB4E29B1F9D5A130059BC87 /* Products */,
				FD7EC42E1F9EB67F008BC771 /* SQLite.xcodeproj */,
				FD7EC4461F9EB6AF008BC771 /* Frameworks */,
			);
			sourceTree = "<group>";
		};
		FDB4E29B1F9D5A130059BC87 /* Products */ = {
			isa = PBXGroup;
			children = (
				FDB4E29A1F9D5A130059BC87 /* DesafioStone.app */,
			);
			name = Products;
			sourceTree = "<group>";
		};
		FDB4E29C1F9D5A130059BC87 /* DesafioStone */ = {
			isa = PBXGroup;
			children = (
				FDA9A08C1FA108B90009CEBA /* Helpers */,
				FD7EC44D1F9EBD24008BC771 /* DAO */,
				FDB4E2B01F9D5A620059BC87 /* Controller */,
				FDB4E2B21F9D5A620059BC87 /* Model */,
				FDB4E2AF1F9D5A620059BC87 /* View */,
				FDB4E29D1F9D5A130059BC87 /* AppDelegate.swift */,
				FDB4E2A11F9D5A130059BC87 /* Main.storyboard */,
				FDB4E2A41F9D5A130059BC87 /* Assets.xcassets */,
				FDB4E2A61F9D5A130059BC87 /* LaunchScreen.storyboard */,
				FDB4E2A91F9D5A130059BC87 /* Info.plist */,
			);
			path = DesafioStone;
			sourceTree = "<group>";
		};
		FDB4E2AF1F9D5A620059BC87 /* View */ = {
			isa = PBXGroup;
			children = (
			);
			path = View;
			sourceTree = "<group>";
		};
		FDB4E2B01F9D5A620059BC87 /* Controller */ = {
			isa = PBXGroup;
			children = (
				FDB4E2B11F9D5A620059BC87 /* ViewController.swift */,
				FDB4E2B41F9D5CAB0059BC87 /* ListaDeItensViewController.swift */,
				FDB4E2BA1F9D79A00059BC87 /* CarrinhoViewController.swift */,
				FDC5F50F1F9F9E47007F665D /* TransacoesViewController.swift */,
			);
			path = Controller;
			sourceTree = "<group>";
		};
		FDB4E2B21F9D5A620059BC87 /* Model */ = {
			isa = PBXGroup;
			children = (
				FDB4E2B81F9D5FEE0059BC87 /* Item.swift */,
				FDB4E2B61F9D5DA00059BC87 /* MyCell.swift */,
				FD79E8E81F9E5D8100798D9D /* Compra.swift */,
				FDC5F5171F9FA147007F665D /* Transacao.swift */,
				FDC5F5191F9FA6E4007F665D /* TransacaoCell.swift */,
			);
			path = Model;
			sourceTree = "<group>";
		};
/* End PBXGroup section */

/* Begin PBXNativeTarget section */
		FDB4E2991F9D5A130059BC87 /* DesafioStone */ = {
			isa = PBXNativeTarget;
			buildConfigurationList = FDB4E2AC1F9D5A130059BC87 /* Build configuration list for PBXNativeTarget "DesafioStone" */;
			buildPhases = (
				FDB4E2961F9D5A130059BC87 /* Sources */,
				FDB4E2971F9D5A130059BC87 /* Frameworks */,
				FDB4E2981F9D5A130059BC87 /* Resources */,
				FD7EC44C1F9EB6CB008BC771 /* Embed Frameworks */,
			);
			buildRules = (
			);
			dependencies = (
				FD7EC44B1F9EB6CB008BC771 /* PBXTargetDependency */,
			);
			name = DesafioStone;
			productName = DesafioStone;
			productReference = FDB4E29A1F9D5A130059BC87 /* DesafioStone.app */;
			productType = "com.apple.product-type.application";
		};
/* End PBXNativeTarget section */

/* Begin PBXProject section */
		FDB4E2921F9D5A130059BC87 /* Project object */ = {
			isa = PBXProject;
			attributes = {
				LastSwiftUpdateCheck = 0900;
				LastUpgradeCheck = 0900;
				ORGANIZATIONNAME = "Rodrigo Filomeno";
				TargetAttributes = {
					FDB4E2991F9D5A130059BC87 = {
						CreatedOnToolsVersion = 9.0.1;
						ProvisioningStyle = Automatic;
					};
				};
			};
			buildConfigurationList = FDB4E2951F9D5A130059BC87 /* Build configuration list for PBXProject "DesafioStone" */;
			compatibilityVersion = "Xcode 8.0";
			developmentRegion = en;
			hasScannedForEncodings = 0;
			knownRegions = (
				en,
				Base,
			);
			mainGroup = FDB4E2911F9D5A130059BC87;
			productRefGroup = FDB4E29B1F9D5A130059BC87 /* Products */;
			projectDirPath = "";
			projectReferences = (
				{
					ProductGroup = FD7EC42F1F9EB67F008BC771 /* Products */;
					ProjectRef = FD7EC42E1F9EB67F008BC771 /* SQLite.xcodeproj */;
				},
			);
			projectRoot = "";
			targets = (
				FDB4E2991F9D5A130059BC87 /* DesafioStone */,
			);
		};
/* End PBXProject section */

/* Begin PBXReferenceProxy section */
		FD7EC4391F9EB67F008BC771 /* SQLite.framework */ = {
			isa = PBXReferenceProxy;
			fileType = wrapper.framework;
			path = SQLite.framework;
			remoteRef = FD7EC4381F9EB67F008BC771 /* PBXContainerItemProxy */;
			sourceTree = BUILT_PRODUCTS_DIR;
		};
		FD7EC43B1F9EB67F008BC771 /* SQLiteTests iOS.xctest */ = {
			isa = PBXReferenceProxy;
			fileType = wrapper.cfbundle;
			path = "SQLiteTests iOS.xctest";
			remoteRef = FD7EC43A1F9EB67F008BC771 /* PBXContainerItemProxy */;
			sourceTree = BUILT_PRODUCTS_DIR;
		};
		FD7EC43D1F9EB67F008BC771 /* SQLite.framework */ = {
			isa = PBXReferenceProxy;
			fileType = wrapper.framework;
			path = SQLite.framework;
			remoteRef = FD7EC43C1F9EB67F008BC771 /* PBXContainerItemProxy */;
			sourceTree = BUILT_PRODUCTS_DIR;
		};
		FD7EC43F1F9EB67F008BC771 /* SQLiteTests Mac.xctest */ = {
			isa = PBXReferenceProxy;
			fileType = wrapper.cfbundle;
			path = "SQLiteTests Mac.xctest";
			remoteRef = FD7EC43E1F9EB67F008BC771 /* PBXContainerItemProxy */;
			sourceTree = BUILT_PRODUCTS_DIR;
		};
		FD7EC4411F9EB67F008BC771 /* SQLite.framework */ = {
			isa = PBXReferenceProxy;
			fileType = wrapper.framework;
			path = SQLite.framework;
			remoteRef = FD7EC4401F9EB67F008BC771 /* PBXContainerItemProxy */;
			sourceTree = BUILT_PRODUCTS_DIR;
		};
		FD7EC4431F9EB67F008BC771 /* SQLiteTests tvOS.xctest */ = {
			isa = PBXReferenceProxy;
			fileType = wrapper.cfbundle;
			path = "SQLiteTests tvOS.xctest";
			remoteRef = FD7EC4421F9EB67F008BC771 /* PBXContainerItemProxy */;
			sourceTree = BUILT_PRODUCTS_DIR;
		};
		FD7EC4451F9EB67F008BC771 /* SQLite.framework */ = {
			isa = PBXReferenceProxy;
			fileType = wrapper.framework;
			path = SQLite.framework;
			remoteRef = FD7EC4441F9EB67F008BC771 /* PBXContainerItemProxy */;
			sourceTree = BUILT_PRODUCTS_DIR;
		};
/* End PBXReferenceProxy section */

/* Begin PBXResourcesBuildPhase section */
		FDB4E2981F9D5A130059BC87 /* Resources */ = {
			isa = PBXResourcesBuildPhase;
			buildActionMask = 2147483647;
			files = (
				FDB4E2A81F9D5A130059BC87 /* LaunchScreen.storyboard in Resources */,
				FDB4E2A51F9D5A130059BC87 /* Assets.xcassets in Resources */,
				FDB4E2A31F9D5A130059BC87 /* Main.storyboard in Resources */,
			);
			runOnlyForDeploymentPostprocessing = 0;
		};
/* End PBXResourcesBuildPhase section */

/* Begin PBXSourcesBuildPhase section */
		FDB4E2961F9D5A130059BC87 /* Sources */ = {
			isa = PBXSourcesBuildPhase;
			buildActionMask = 2147483647;
			files = (
				FDB4E2B91F9D5FEE0059BC87 /* Item.swift in Sources */,
				FDB4E2B51F9D5CAB0059BC87 /* ListaDeItensViewController.swift in Sources */,
				FDB4E2B71F9D5DA00059BC87 /* MyCell.swift in Sources */,
				FD7EC44F1F9EBD43008BC771 /* TransacoesDao.swift in Sources */,
				FDB4E2B31F9D5A620059BC87 /* ViewController.swift in Sources */,
				FDB4E2BB1F9D79A00059BC87 /* CarrinhoViewController.swift in Sources */,
				FDC5F51A1F9FA6E4007F665D /* TransacaoCell.swift in Sources */,
				FDB4E29E1F9D5A130059BC87 /* AppDelegate.swift in Sources */,
				FDC5F5101F9F9E47007F665D /* TransacoesViewController.swift in Sources */,
				FD79E8EB1F9E68E000798D9D /* TFmaxLength.swift in Sources */,
				FDC5F5181F9FA147007F665D /* Transacao.swift in Sources */,
				FD79E8E91F9E5D8100798D9D /* Compra.swift in Sources */,
			);
			runOnlyForDeploymentPostprocessing = 0;
		};
/* End PBXSourcesBuildPhase section */

/* Begin PBXTargetDependency section */
		FD7EC44B1F9EB6CB008BC771 /* PBXTargetDependency */ = {
			isa = PBXTargetDependency;
			name = "SQLite iOS";
			targetProxy = FD7EC44A1F9EB6CB008BC771 /* PBXContainerItemProxy */;
		};
/* End PBXTargetDependency section */

/* Begin PBXVariantGroup section */
		FDB4E2A11F9D5A130059BC87 /* Main.storyboard */ = {
			isa = PBXVariantGroup;
			children = (
				FDB4E2A21F9D5A130059BC87 /* Base */,
			);
			name = Main.storyboard;
			sourceTree = "<group>";
		};
		FDB4E2A61F9D5A130059BC87 /* LaunchScreen.storyboard */ = {
			isa = PBXVariantGroup;
			children = (
				FDB4E2A71F9D5A130059BC87 /* Base */,
			);
			name = LaunchScreen.storyboard;
			sourceTree = "<group>";
		};
/* End PBXVariantGroup section */

/* Begin XCBuildConfiguration section */
		FDB4E2AA1F9D5A130059BC87 /* Debug */ = {
			isa = XCBuildConfiguration;
			buildSettings = {
				ALWAYS_SEARCH_USER_PATHS = NO;
				CLANG_ANALYZER_NONNULL = YES;
				CLANG_ANALYZER_NUMBER_OBJECT_CONVERSION = YES_AGGRESSIVE;
				CLANG_CXX_LANGUAGE_STANDARD = "gnu++14";
				CLANG_CXX_LIBRARY = "libc++";
				CLANG_ENABLE_MODULES = YES;
				CLANG_ENABLE_OBJC_ARC = YES;
				CLANG_WARN_BLOCK_CAPTURE_AUTORELEASING = YES;
				CLANG_WARN_BOOL_CONVERSION = YES;
				CLANG_WARN_COMMA = YES;
				CLANG_WARN_CONSTANT_CONVERSION = YES;
				CLANG_WARN_DIRECT_OBJC_ISA_USAGE = YES_ERROR;
				CLANG_WARN_DOCUMENTATION_COMMENTS = YES;
				CLANG_WARN_EMPTY_BODY = YES;
				CLANG_WARN_ENUM_CONVERSION = YES;
				CLANG_WARN_INFINITE_RECURSION = YES;
				CLANG_WARN_INT_CONVERSION = YES;
				CLANG_WARN_NON_LITERAL_NULL_CONVERSION = YES;
				CLANG_WARN_OBJC_LITERAL_CONVERSION = YES;
				CLANG_WARN_OBJC_ROOT_CLASS = YES_ERROR;
				CLANG_WARN_RANGE_LOOP_ANALYSIS = YES;
				CLANG_WARN_STRICT_PROTOTYPES = YES;
				CLANG_WARN_SUSPICIOUS_MOVE = YES;
				CLANG_WARN_UNGUARDED_AVAILABILITY = YES_AGGRESSIVE;
				CLANG_WARN_UNREACHABLE_CODE = YES;
				CLANG_WARN__DUPLICATE_METHOD_MATCH = YES;
				CODE_SIGN_IDENTITY = "iPhone Developer";
				COPY_PHASE_STRIP = NO;
				DEBUG_INFORMATION_FORMAT = dwarf;
				ENABLE_STRICT_OBJC_MSGSEND = YES;
				ENABLE_TESTABILITY = YES;
				GCC_C_LANGUAGE_STANDARD = gnu11;
				GCC_DYNAMIC_NO_PIC = NO;
				GCC_NO_COMMON_BLOCKS = YES;
				GCC_OPTIMIZATION_LEVEL = 0;
				GCC_PREPROCESSOR_DEFINITIONS = (
					"DEBUG=1",
					"$(inherited)",
				);
				GCC_WARN_64_TO_32_BIT_CONVERSION = YES;
				GCC_WARN_ABOUT_RETURN_TYPE = YES_ERROR;
				GCC_WARN_UNDECLARED_SELECTOR = YES;
				GCC_WARN_UNINITIALIZED_AUTOS = YES_AGGRESSIVE;
				GCC_WARN_UNUSED_FUNCTION = YES;
				GCC_WARN_UNUSED_VARIABLE = YES;
				IPHONEOS_DEPLOYMENT_TARGET = 11.0;
				MTL_ENABLE_DEBUG_INFO = YES;
				ONLY_ACTIVE_ARCH = YES;
				SDKROOT = iphoneos;
				SWIFT_ACTIVE_COMPILATION_CONDITIONS = DEBUG;
				SWIFT_OPTIMIZATION_LEVEL = "-Onone";
			};
			name = Debug;
		};
		FDB4E2AB1F9D5A130059BC87 /* Release */ = {
			isa = XCBuildConfiguration;
			buildSettings = {
				ALWAYS_SEARCH_USER_PATHS = NO;
				CLANG_ANALYZER_NONNULL = YES;
				CLANG_ANALYZER_NUMBER_OBJECT_CONVERSION = YES_AGGRESSIVE;
				CLANG_CXX_LANGUAGE_STANDARD = "gnu++14";
				CLANG_CXX_LIBRARY = "libc++";
				CLANG_ENABLE_MODULES = YES;
				CLANG_ENABLE_OBJC_ARC = YES;
				CLANG_WARN_BLOCK_CAPTURE_AUTORELEASING = YES;
				CLANG_WARN_BOOL_CONVERSION = YES;
				CLANG_WARN_COMMA = YES;
				CLANG_WARN_CONSTANT_CONVERSION = YES;
				CLANG_WARN_DIRECT_OBJC_ISA_USAGE = YES_ERROR;
				CLANG_WARN_DOCUMENTATION_COMMENTS = YES;
				CLANG_WARN_EMPTY_BODY = YES;
				CLANG_WARN_ENUM_CONVERSION = YES;
				CLANG_WARN_INFINITE_RECURSION = YES;
				CLANG_WARN_INT_CONVERSION = YES;
				CLANG_WARN_NON_LITERAL_NULL_CONVERSION = YES;
				CLANG_WARN_OBJC_LITERAL_CONVERSION = YES;
				CLANG_WARN_OBJC_ROOT_CLASS = YES_ERROR;
				CLANG_WARN_RANGE_LOOP_ANALYSIS = YES;
				CLANG_WARN_STRICT_PROTOTYPES = YES;
				CLANG_WARN_SUSPICIOUS_MOVE = YES;
				CLANG_WARN_UNGUARDED_AVAILABILITY = YES_AGGRESSIVE;
				CLANG_WARN_UNREACHABLE_CODE = YES;
				CLANG_WARN__DUPLICATE_METHOD_MATCH = YES;
				CODE_SIGN_IDENTITY = "iPhone Developer";
				COPY_PHASE_STRIP = NO;
				DEBUG_INFORMATION_FORMAT = "dwarf-with-dsym";
				ENABLE_NS_ASSERTIONS = NO;
				ENABLE_STRICT_OBJC_MSGSEND = YES;
				GCC_C_LANGUAGE_STANDARD = gnu11;
				GCC_NO_COMMON_BLOCKS = YES;
				GCC_WARN_64_TO_32_BIT_CONVERSION = YES;
				GCC_WARN_ABOUT_RETURN_TYPE = YES_ERROR;
				GCC_WARN_UNDECLARED_SELECTOR = YES;
				GCC_WARN_UNINITIALIZED_AUTOS = YES_AGGRESSIVE;
				GCC_WARN_UNUSED_FUNCTION = YES;
				GCC_WARN_UNUSED_VARIABLE = YES;
				IPHONEOS_DEPLOYMENT_TARGET = 11.0;
				MTL_ENABLE_DEBUG_INFO = NO;
				SDKROOT = iphoneos;
				SWIFT_OPTIMIZATION_LEVEL = "-Owholemodule";
				VALIDATE_PRODUCT = YES;
			};
			name = Release;
		};
		FDB4E2AD1F9D5A130059BC87 /* Debug */ = {
			isa = XCBuildConfiguration;
			buildSettings = {
				ALWAYS_EMBED_SWIFT_STANDARD_LIBRARIES = YES;
				ASSETCATALOG_COMPILER_APPICON_NAME = AppIcon;
				CODE_SIGN_STYLE = Automatic;
				INFOPLIST_FILE = DesafioStone/Info.plist;
				LD_RUNPATH_SEARCH_PATHS = "$(inherited) @executable_path/Frameworks";
				PRODUCT_BUNDLE_IDENTIFIER = br.com.rfilomeno.DesafioStone;
				PRODUCT_NAME = "$(TARGET_NAME)";
				SWIFT_VERSION = 4.0;
				TARGETED_DEVICE_FAMILY = "1,2";
			};
			name = Debug;
		};
		FDB4E2AE1F9D5A130059BC87 /* Release */ = {
			isa = XCBuildConfiguration;
			buildSettings = {
				ALWAYS_EMBED_SWIFT_STANDARD_LIBRARIES = YES;
				ASSETCATALOG_COMPILER_APPICON_NAME = AppIcon;
				CODE_SIGN_STYLE = Automatic;
				INFOPLIST_FILE = DesafioStone/Info.plist;
				LD_RUNPATH_SEARCH_PATHS = "$(inherited) @executable_path/Frameworks";
				PRODUCT_BUNDLE_IDENTIFIER = br.com.rfilomeno.DesafioStone;
				PRODUCT_NAME = "$(TARGET_NAME)";
				SWIFT_VERSION = 4.0;
				TARGETED_DEVICE_FAMILY = "1,2";
			};
			name = Release;
		};
/* End XCBuildConfiguration section */

/* Begin XCConfigurationList section */
		FDB4E2951F9D5A130059BC87 /* Build configuration list for PBXProject "DesafioStone" */ = {
			isa = XCConfigurationList;
			buildConfigurations = (
				FDB4E2AA1F9D5A130059BC87 /* Debug */,
				FDB4E2AB1F9D5A130059BC87 /* Release */,
			);
			defaultConfigurationIsVisible = 0;
			defaultConfigurationName = Release;
		};
		FDB4E2AC1F9D5A130059BC87 /* Build configuration list for PBXNativeTarget "DesafioStone" */ = {
			isa = XCConfigurationList;
			buildConfigurations = (
				FDB4E2AD1F9D5A130059BC87 /* Debug */,
				FDB4E2AE1F9D5A130059BC87 /* Release */,
			);
			defaultConfigurationIsVisible = 0;
			defaultConfigurationName = Release;
		};
/* End XCConfigurationList section */
	};
	rootObject = FDB4E2921F9D5A130059BC87 /* Project object */;
}
